// !$*UTF8*$!
{
	archiveVersion = 1;
	classes = {
	};
	objectVersion = 50;
	objects = {

/* Begin PBXBuildFile section */
		9E6257F45A6F621E157C47F0 /* Pods_KCamera.framework in Frameworks */ = {isa = PBXBuildFile; fileRef = 5D61FD03632B0FB50122509B /* Pods_KCamera.framework */; };
		BE3F971321932B3F0076EDBF /* AppDelegate.swift in Sources */ = {isa = PBXBuildFile; fileRef = BE3F971221932B3F0076EDBF /* AppDelegate.swift */; };
		BE3F971521932B3F0076EDBF /* ViewController.swift in Sources */ = {isa = PBXBuildFile; fileRef = BE3F971421932B3F0076EDBF /* ViewController.swift */; };
		BE3F971821932B3F0076EDBF /* Main.storyboard in Resources */ = {isa = PBXBuildFile; fileRef = BE3F971621932B3F0076EDBF /* Main.storyboard */; };
		BE3F971A21932B410076EDBF /* Assets.xcassets in Resources */ = {isa = PBXBuildFile; fileRef = BE3F971921932B410076EDBF /* Assets.xcassets */; };
		BE3F971D21932B410076EDBF /* LaunchScreen.storyboard in Resources */ = {isa = PBXBuildFile; fileRef = BE3F971B21932B410076EDBF /* LaunchScreen.storyboard */; };
		BE8BBDEC21933AF0001788EC /* KPhoto.swift in Sources */ = {isa = PBXBuildFile; fileRef = BE8BBDEB21933AF0001788EC /* KPhoto.swift */; };
		BEB3654621981F2D00FB83BD /* filter_black_white.cisf in Resources */ = {isa = PBXBuildFile; fileRef = BEB3654521981F2D00FB83BD /* filter_black_white.cisf */; };
/* End PBXBuildFile section */

/* Begin PBXFileReference section */
		5D61FD03632B0FB50122509B /* Pods_KCamera.framework */ = {isa = PBXFileReference; explicitFileType = wrapper.framework; includeInIndex = 0; path = Pods_KCamera.framework; sourceTree = BUILT_PRODUCTS_DIR; };
		5E5D3D5932EDFA04D3F0DDC1 /* Pods-KCamera.release.xcconfig */ = {isa = PBXFileReference; includeInIndex = 1; lastKnownFileType = text.xcconfig; name = "Pods-KCamera.release.xcconfig"; path = "Pods/Target Support Files/Pods-KCamera/Pods-KCamera.release.xcconfig"; sourceTree = "<group>"; };
		BE3F970F21932B3F0076EDBF /* KCamera.app */ = {isa = PBXFileReference; explicitFileType = wrapper.application; includeInIndex = 0; path = KCamera.app; sourceTree = BUILT_PRODUCTS_DIR; };
		BE3F971221932B3F0076EDBF /* AppDelegate.swift */ = {isa = PBXFileReference; lastKnownFileType = sourcecode.swift; path = AppDelegate.swift; sourceTree = "<group>"; };
		BE3F971421932B3F0076EDBF /* ViewController.swift */ = {isa = PBXFileReference; lastKnownFileType = sourcecode.swift; path = ViewController.swift; sourceTree = "<group>"; };
		BE3F971721932B3F0076EDBF /* Base */ = {isa = PBXFileReference; lastKnownFileType = file.storyboard; name = Base; path = Base.lproj/Main.storyboard; sourceTree = "<group>"; };
		BE3F971921932B410076EDBF /* Assets.xcassets */ = {isa = PBXFileReference; lastKnownFileType = folder.assetcatalog; path = Assets.xcassets; sourceTree = "<group>"; };
		BE3F971C21932B410076EDBF /* Base */ = {isa = PBXFileReference; lastKnownFileType = file.storyboard; name = Base; path = Base.lproj/LaunchScreen.storyboard; sourceTree = "<group>"; };
		BE3F971E21932B410076EDBF /* Info.plist */ = {isa = PBXFileReference; lastKnownFileType = text.plist.xml; path = Info.plist; sourceTree = "<group>"; };
		BE8BBDEB21933AF0001788EC /* KPhoto.swift */ = {isa = PBXFileReference; lastKnownFileType = sourcecode.swift; path = KPhoto.swift; sourceTree = "<group>"; };
		BEB3654521981F2D00FB83BD /* filter_black_white.cisf */ = {isa = PBXFileReference; lastKnownFileType = file.bplist; path = filter_black_white.cisf; sourceTree = "<group>"; };
		DBA690B4B53151A057FCDDDE /* Pods-KCamera.debug.xcconfig */ = {isa = PBXFileReference; includeInIndex = 1; lastKnownFileType = text.xcconfig; name = "Pods-KCamera.debug.xcconfig"; path = "Pods/Target Support Files/Pods-KCamera/Pods-KCamera.debug.xcconfig"; sourceTree = "<group>"; };
/* End PBXFileReference section */

/* Begin PBXFrameworksBuildPhase section */
		BE3F970C21932B3F0076EDBF /* Frameworks */ = {
			isa = PBXFrameworksBuildPhase;
			buildActionMask = 2147483647;
			files = (
				9E6257F45A6F621E157C47F0 /* Pods_KCamera.framework in Frameworks */,
			);
			runOnlyForDeploymentPostprocessing = 0;
		};
/* End PBXFrameworksBuildPhase section */

/* Begin PBXGroup section */
		274584FD2B19DAE9F8DBE00B /* Pods */ = {
			isa = PBXGroup;
			children = (
				DBA690B4B53151A057FCDDDE /* Pods-KCamera.debug.xcconfig */,
				5E5D3D5932EDFA04D3F0DDC1 /* Pods-KCamera.release.xcconfig */,
			);
			name = Pods;
			sourceTree = "<group>";
		};
		BE3F970621932B3F0076EDBF = {
			isa = PBXGroup;
			children = (
				BE3F971121932B3F0076EDBF /* KCamera */,
				BE3F971021932B3F0076EDBF /* Products */,
				274584FD2B19DAE9F8DBE00B /* Pods */,
				D2D2E215C2D3F071D6E74880 /* Frameworks */,
			);
			sourceTree = "<group>";
		};
		BE3F971021932B3F0076EDBF /* Products */ = {
			isa = PBXGroup;
			children = (
				BE3F970F21932B3F0076EDBF /* KCamera.app */,
			);
			name = Products;
			sourceTree = "<group>";
		};
		BE3F971121932B3F0076EDBF /* KCamera */ = {
			isa = PBXGroup;
			children = (
				BE3F971221932B3F0076EDBF /* AppDelegate.swift */,
				BEB3654521981F2D00FB83BD /* filter_black_white.cisf */,
				BE3F971421932B3F0076EDBF /* ViewController.swift */,
				BE3F971621932B3F0076EDBF /* Main.storyboard */,
				BE3F971921932B410076EDBF /* Assets.xcassets */,
				BE3F971B21932B410076EDBF /* LaunchScreen.storyboard */,
				BE3F971E21932B410076EDBF /* Info.plist */,
				BE8BBDEB21933AF0001788EC /* KPhoto.swift */,
			);
			path = KCamera;
			sourceTree = "<group>";
		};
		D2D2E215C2D3F071D6E74880 /* Frameworks */ = {
			isa = PBXGroup;
			children = (
				5D61FD03632B0FB50122509B /* Pods_KCamera.framework */,
			);
			name = Frameworks;
			sourceTree = "<group>";
		};
/* End PBXGroup section */

/* Begin PBXNativeTarget section */
		BE3F970E21932B3F0076EDBF /* KCamera */ = {
			isa = PBXNativeTarget;
			buildConfigurationList = BE3F972121932B410076EDBF /* Build configuration list for PBXNativeTarget "KCamera" */;
			buildPhases = (
				6BD2E0499B3CA8857BDC5D99 /* [CP] Check Pods Manifest.lock */,
				BE3F970B21932B3F0076EDBF /* Sources */,
				BE3F970C21932B3F0076EDBF /* Frameworks */,
				BE3F970D21932B3F0076EDBF /* Resources */,
				6E467E09219861B485CF181C /* [CP] Embed Pods Frameworks */,
			);
			buildRules = (
			);
			dependencies = (
			);
			name = KCamera;
			productName = KCamera;
			productReference = BE3F970F21932B3F0076EDBF /* KCamera.app */;
			productType = "com.apple.product-type.application";
		};
/* End PBXNativeTarget section */

/* Begin PBXProject section */
		BE3F970721932B3F0076EDBF /* Project object */ = {
			isa = PBXProject;
			attributes = {
				LastSwiftUpdateCheck = 1010;
				LastUpgradeCheck = 1010;
				ORGANIZATIONNAME = KPU;
				TargetAttributes = {
					BE3F970E21932B3F0076EDBF = {
						CreatedOnToolsVersion = 10.1;
					};
				};
			};
			buildConfigurationList = BE3F970A21932B3F0076EDBF /* Build configuration list for PBXProject "KCamera" */;
			compatibilityVersion = "Xcode 9.3";
			developmentRegion = en;
			hasScannedForEncodings = 0;
			knownRegions = (
				en,
				Base,
			);
			mainGroup = BE3F970621932B3F0076EDBF;
			productRefGroup = BE3F971021932B3F0076EDBF /* Products */;
			projectDirPath = "";
			projectRoot = "";
			targets = (
				BE3F970E21932B3F0076EDBF /* KCamera */,
			);
		};
/* End PBXProject section */

/* Begin PBXResourcesBuildPhase section */
		BE3F970D21932B3F0076EDBF /* Resources */ = {
			isa = PBXResourcesBuildPhase;
			buildActionMask = 2147483647;
			files = (
				BEB3654621981F2D00FB83BD /* filter_black_white.cisf in Resources */,
				BE3F971D21932B410076EDBF /* LaunchScreen.storyboard in Resources */,
				BE3F971A21932B410076EDBF /* Assets.xcassets in Resources */,
				BE3F971821932B3F0076EDBF /* Main.storyboard in Resources */,
			);
			runOnlyForDeploymentPostprocessing = 0;
		};
/* End PBXResourcesBuildPhase section */

/* Begin PBXShellScriptBuildPhase section */
		6BD2E0499B3CA8857BDC5D99 /* [CP] Check Pods Manifest.lock */ = {
			isa = PBXShellScriptBuildPhase;
			buildActionMask = 2147483647;
			files = (
			);
			inputFileListPaths = (
			);
			inputPaths = (
				"${PODS_PODFILE_DIR_PATH}/Podfile.lock",
				"${PODS_ROOT}/Manifest.lock",
			);
			name = "[CP] Check Pods Manifest.lock";
			outputFileListPaths = (
			);
			outputPaths = (
				"$(DERIVED_FILE_DIR)/Pods-KCamera-checkManifestLockResult.txt",
			);
			runOnlyForDeploymentPostprocessing = 0;
			shellPath = /bin/sh;
			shellScript = "diff \"${PODS_PODFILE_DIR_PATH}/Podfile.lock\" \"${PODS_ROOT}/Manifest.lock\" > /dev/null\nif [ $? != 0 ] ; then\n    # print error to STDERR\n    echo \"error: The sandbox is not in sync with the Podfile.lock. Run 'pod install' or update your CocoaPods installation.\" >&2\n    exit 1\nfi\n# This output is used by Xcode 'outputs' to avoid re-running this script phase.\necho \"SUCCESS\" > \"${SCRIPT_OUTPUT_FILE_0}\"\n";
			showEnvVarsInLog = 0;
		};
		6E467E09219861B485CF181C /* [CP] Embed Pods Frameworks */ = {
			isa = PBXShellScriptBuildPhase;
			buildActionMask = 2147483647;
			files = (
			);
			inputFileListPaths = (
			);
			inputPaths = (
				"${SRCROOT}/Pods/Target Support Files/Pods-KCamera/Pods-KCamera-frameworks.sh",
				"${BUILT_PRODUCTS_DIR}/SCRecorder/SCRecorder.framework",
			);
			name = "[CP] Embed Pods Frameworks";
			outputFileListPaths = (
			);
			outputPaths = (
				"${TARGET_BUILD_DIR}/${FRAMEWORKS_FOLDER_PATH}/SCRecorder.framework",
			);
			runOnlyForDeploymentPostprocessing = 0;
			shellPath = /bin/sh;
			shellScript = "\"${SRCROOT}/Pods/Target Support Files/Pods-KCamera/Pods-KCamera-frameworks.sh\"\n";
			showEnvVarsInLog = 0;
		};
/* End PBXShellScriptBuildPhase section */

/* Begin PBXSourcesBuildPhase section */
		BE3F970B21932B3F0076EDBF /* Sources */ = {
			isa = PBXSourcesBuildPhase;
			buildActionMask = 2147483647;
			files = (
				BE3F971521932B3F0076EDBF /* ViewController.swift in Sources */,
				BE3F971321932B3F0076EDBF /* AppDelegate.swift in Sources */,
				BE8BBDEC21933AF0001788EC /* KPhoto.swift in Sources */,
			);
			runOnlyForDeploymentPostprocessing = 0;
		};
/* End PBXSourcesBuildPhase section */

/* Begin PBXVariantGroup section */
		BE3F971621932B3F0076EDBF /* Main.storyboard */ = {
			isa = PBXVariantGroup;
			children = (
				BE3F971721932B3F0076EDBF /* Base */,
			);
			name = Main.storyboard;
			sourceTree = "<group>";
		};
		BE3F971B21932B410076EDBF /* LaunchScreen.storyboard */ = {
			isa = PBXVariantGroup;
			children = (
				BE3F971C21932B410076EDBF /* Base */,
			);
			name = LaunchScreen.storyboard;
			sourceTree = "<group>";
		};
/* End PBXVariantGroup section */

/* Begin XCBuildConfiguration section */
		BE3F971F21932B410076EDBF /* Debug */ = {
			isa = XCBuildConfiguration;
			buildSettings = {
				ALWAYS_SEARCH_USER_PATHS = NO;
				CLANG_ANALYZER_NONNULL = YES;
				CLANG_ANALYZER_NUMBER_OBJECT_CONVERSION = YES_AGGRESSIVE;
				CLANG_CXX_LANGUAGE_STANDARD = "gnu++14";
				CLANG_CXX_LIBRARY = "libc++";
				CLANG_ENABLE_MODULES = YES;
				CLANG_ENABLE_OBJC_ARC = YES;
				CLANG_ENABLE_OBJC_WEAK = YES;
				CLANG_WARN_BLOCK_CAPTURE_AUTORELEASING = YES;
				CLANG_WARN_BOOL_CONVERSION = YES;
				CLANG_WARN_COMMA = YES;
				CLANG_WARN_CONSTANT_CONVERSION = YES;
				CLANG_WARN_DEPRECATED_OBJC_IMPLEMENTATIONS = YES;
				CLANG_WARN_DIRECT_OBJC_ISA_USAGE = YES_ERROR;
				CLANG_WARN_DOCUMENTATION_COMMENTS = YES;
				CLANG_WARN_EMPTY_BODY = YES;
				CLANG_WARN_ENUM_CONVERSION = YES;
				CLANG_WARN_INFINITE_RECURSION = YES;
				CLANG_WARN_INT_CONVERSION = YES;
				CLANG_WARN_NON_LITERAL_NULL_CONVERSION = YES;
				CLANG_WARN_OBJC_IMPLICIT_RETAIN_SELF = YES;
				CLANG_WARN_OBJC_LITERAL_CONVERSION = YES;
				CLANG_WARN_OBJC_ROOT_CLASS = YES_ERROR;
				CLANG_WARN_RANGE_LOOP_ANALYSIS = YES;
				CLANG_WARN_STRICT_PROTOTYPES = YES;
				CLANG_WARN_SUSPICIOUS_MOVE = YES;
				CLANG_WARN_UNGUARDED_AVAILABILITY = YES_AGGRESSIVE;
				CLANG_WARN_UNREACHABLE_CODE = YES;
				CLANG_WARN__DUPLICATE_METHOD_MATCH = YES;
				CODE_SIGN_IDENTITY = "iPhone Developer";
				COPY_PHASE_STRIP = NO;
				DEBUG_INFORMATION_FORMAT = dwarf;
				ENABLE_STRICT_OBJC_MSGSEND = YES;
				ENABLE_TESTABILITY = YES;
				GCC_C_LANGUAGE_STANDARD = gnu11;
				GCC_DYNAMIC_NO_PIC = NO;
				GCC_NO_COMMON_BLOCKS = YES;
				GCC_OPTIMIZATION_LEVEL = 0;
				GCC_PREPROCESSOR_DEFINITIONS = (
					"DEBUG=1",
					"$(inherited)",
				);
				GCC_WARN_64_TO_32_BIT_CONVERSION = YES;
				GCC_WARN_ABOUT_RETURN_TYPE = YES_ERROR;
				GCC_WARN_UNDECLARED_SELECTOR = YES;
				GCC_WARN_UNINITIALIZED_AUTOS = YES_AGGRESSIVE;
				GCC_WARN_UNUSED_FUNCTION = YES;
				GCC_WARN_UNUSED_VARIABLE = YES;
				IPHONEOS_DEPLOYMENT_TARGET = 12.1;
				MTL_ENABLE_DEBUG_INFO = INCLUDE_SOURCE;
				MTL_FAST_MATH = YES;
				ONLY_ACTIVE_ARCH = YES;
				SDKROOT = iphoneos;
				SWIFT_ACTIVE_COMPILATION_CONDITIONS = DEBUG;
				SWIFT_OPTIMIZATION_LEVEL = "-Onone";
			};
			name = Debug;
		};
		BE3F972021932B410076EDBF /* Release */ = {
			isa = XCBuildConfiguration;
			buildSettings = {
				ALWAYS_SEARCH_USER_PATHS = NO;
				CLANG_ANALYZER_NONNULL = YES;
				CLANG_ANALYZER_NUMBER_OBJECT_CONVERSION = YES_AGGRESSIVE;
				CLANG_CXX_LANGUAGE_STANDARD = "gnu++14";
				CLANG_CXX_LIBRARY = "libc++";
				CLANG_ENABLE_MODULES = YES;
				CLANG_ENABLE_OBJC_ARC = YES;
				CLANG_ENABLE_OBJC_WEAK = YES;
				CLANG_WARN_BLOCK_CAPTURE_AUTORELEASING = YES;
				CLANG_WARN_BOOL_CONVERSION = YES;
				CLANG_WARN_COMMA = YES;
				CLANG_WARN_CONSTANT_CONVERSION = YES;
				CLANG_WARN_DEPRECATED_OBJC_IMPLEMENTATIONS = YES;
				CLANG_WARN_DIRECT_OBJC_ISA_USAGE = YES_ERROR;
				CLANG_WARN_DOCUMENTATION_COMMENTS = YES;
				CLANG_WARN_EMPTY_BODY = YES;
				CLANG_WARN_ENUM_CONVERSION = YES;
				CLANG_WARN_INFINITE_RECURSION = YES;
				CLANG_WARN_INT_CONVERSION = YES;
				CLANG_WARN_NON_LITERAL_NULL_CONVERSION = YES;
				CLANG_WARN_OBJC_IMPLICIT_RETAIN_SELF = YES;
				CLANG_WARN_OBJC_LITERAL_CONVERSION = YES;
				CLANG_WARN_OBJC_ROOT_CLASS = YES_ERROR;
				CLANG_WARN_RANGE_LOOP_ANALYSIS = YES;
				CLANG_WARN_STRICT_PROTOTYPES = YES;
				CLANG_WARN_SUSPICIOUS_MOVE = YES;
				CLANG_WARN_UNGUARDED_AVAILABILITY = YES_AGGRESSIVE;
				CLANG_WARN_UNREACHABLE_CODE = YES;
				CLANG_WARN__DUPLICATE_METHOD_MATCH = YES;
				CODE_SIGN_IDENTITY = "iPhone Developer";
				COPY_PHASE_STRIP = NO;
				DEBUG_INFORMATION_FORMAT = "dwarf-with-dsym";
				ENABLE_NS_ASSERTIONS = NO;
				ENABLE_STRICT_OBJC_MSGSEND = YES;
				GCC_C_LANGUAGE_STANDARD = gnu11;
				GCC_NO_COMMON_BLOCKS = YES;
				GCC_WARN_64_TO_32_BIT_CONVERSION = YES;
				GCC_WARN_ABOUT_RETURN_TYPE = YES_ERROR;
				GCC_WARN_UNDECLARED_SELECTOR = YES;
				GCC_WARN_UNINITIALIZED_AUTOS = YES_AGGRESSIVE;
				GCC_WARN_UNUSED_FUNCTION = YES;
				GCC_WARN_UNUSED_VARIABLE = YES;
				IPHONEOS_DEPLOYMENT_TARGET = 12.1;
				MTL_ENABLE_DEBUG_INFO = NO;
				MTL_FAST_MATH = YES;
				SDKROOT = iphoneos;
				SWIFT_COMPILATION_MODE = wholemodule;
				SWIFT_OPTIMIZATION_LEVEL = "-O";
				VALIDATE_PRODUCT = YES;
			};
			name = Release;
		};
		BE3F972221932B410076EDBF /* Debug */ = {
			isa = XCBuildConfiguration;
			baseConfigurationReference = DBA690B4B53151A057FCDDDE /* Pods-KCamera.debug.xcconfig */;
			buildSettings = {
				ASSETCATALOG_COMPILER_APPICON_NAME = AppIcon;
				CODE_SIGN_STYLE = Automatic;
				DEVELOPMENT_TEAM = 28G784KH44;
				INFOPLIST_FILE = KCamera/Info.plist;
				IPHONEOS_DEPLOYMENT_TARGET = 9.0;
				LD_RUNPATH_SEARCH_PATHS = (
					"$(inherited)",
					"@executable_path/Frameworks",
				);
				PRODUCT_BUNDLE_IDENTIFIER = com.kenk11.KCamera;
				PRODUCT_NAME = "$(TARGET_NAME)";
				SWIFT_VERSION = 4.2;
				TARGETED_DEVICE_FAMILY = "1,2";
			};
			name = Debug;
		};
		BE3F972321932B410076EDBF /* Release */ = {
			isa = XCBuildConfiguration;
			baseConfigurationReference = 5E5D3D5932EDFA04D3F0DDC1 /* Pods-KCamera.release.xcconfig */;
			buildSettings = {
				ASSETCATALOG_COMPILER_APPICON_NAME = AppIcon;
				CODE_SIGN_STYLE = Automatic;
				DEVELOPMENT_TEAM = 28G784KH44;
				INFOPLIST_FILE = KCamera/Info.plist;
				IPHONEOS_DEPLOYMENT_TARGET = 9.0;
				LD_RUNPATH_SEARCH_PATHS = (
					"$(inherited)",
					"@executable_path/Frameworks",
				);
				PRODUCT_BUNDLE_IDENTIFIER = com.kenk11.KCamera;
				PRODUCT_NAME = "$(TARGET_NAME)";
				SWIFT_VERSION = 4.2;
				TARGETED_DEVICE_FAMILY = "1,2";
			};
			name = Release;
		};
/* End XCBuildConfiguration section */

/* Begin XCConfigurationList section */
		BE3F970A21932B3F0076EDBF /* Build configuration list for PBXProject "KCamera" */ = {
			isa = XCConfigurationList;
			buildConfigurations = (
				BE3F971F21932B410076EDBF /* Debug */,
				BE3F972021932B410076EDBF /* Release */,
			);
			defaultConfigurationIsVisible = 0;
			defaultConfigurationName = Release;
		};
		BE3F972121932B410076EDBF /* Build configuration list for PBXNativeTarget "KCamera" */ = {
			isa = XCConfigurationList;
			buildConfigurations = (
				BE3F972221932B410076EDBF /* Debug */,
				BE3F972321932B410076EDBF /* Release */,
			);
			defaultConfigurationIsVisible = 0;
			defaultConfigurationName = Release;
		};
/* End XCConfigurationList section */
	};
	rootObject = BE3F970721932B3F0076EDBF /* Project object */;
}
