// !$*UTF8*$!
{
	archiveVersion = 1;
	classes = {
	};
	objectVersion = 50;
	objects = {

/* Begin PBXBuildFile section */
		5E35D1A33187A86FEF2D266D /* Pods_TestCam.framework in Frameworks */ = {isa = PBXBuildFile; fileRef = 9BC811F1052344669F65F681 /* Pods_TestCam.framework */; };
		BE8204E821A574D200DCAAEA /* AppDelegate.swift in Sources */ = {isa = PBXBuildFile; fileRef = BE8204E721A574D200DCAAEA /* AppDelegate.swift */; };
		BE8204EA21A574D200DCAAEA /* ViewController.swift in Sources */ = {isa = PBXBuildFile; fileRef = BE8204E921A574D200DCAAEA /* ViewController.swift */; };
		BE8204ED21A574D200DCAAEA /* Main.storyboard in Resources */ = {isa = PBXBuildFile; fileRef = BE8204EB21A574D200DCAAEA /* Main.storyboard */; };
		BE8204EF21A574D300DCAAEA /* Assets.xcassets in Resources */ = {isa = PBXBuildFile; fileRef = BE8204EE21A574D300DCAAEA /* Assets.xcassets */; };
		BE8204F221A574D300DCAAEA /* LaunchScreen.storyboard in Resources */ = {isa = PBXBuildFile; fileRef = BE8204F021A574D300DCAAEA /* LaunchScreen.storyboard */; };
		BE82051121A5BB8000DCAAEA /* GPUImage.framework in Frameworks */ = {isa = PBXBuildFile; fileRef = BE82050821A5BB4A00DCAAEA /* GPUImage.framework */; };
		BE82051321A5BB9400DCAAEA /* GPUImage.framework in CopyFiles */ = {isa = PBXBuildFile; fileRef = BE82050821A5BB4A00DCAAEA /* GPUImage.framework */; settings = {ATTRIBUTES = (CodeSignOnCopy, RemoveHeadersOnCopy, ); }; };
/* End PBXBuildFile section */

/* Begin PBXContainerItemProxy section */
		BE82050321A5BB4A00DCAAEA /* PBXContainerItemProxy */ = {
			isa = PBXContainerItemProxy;
			containerPortal = BE8204FC21A5BB4A00DCAAEA /* GPUImage.xcodeproj */;
			proxyType = 2;
			remoteGlobalIDString = BC6E7CAB1C39A9D8006DF678;
			remoteInfo = GPUImage_macOS;
		};
		BE82050521A5BB4A00DCAAEA /* PBXContainerItemProxy */ = {
			isa = PBXContainerItemProxy;
			containerPortal = BE8204FC21A5BB4A00DCAAEA /* GPUImage.xcodeproj */;
			proxyType = 2;
			remoteGlobalIDString = BC6E7CB51C39A9D8006DF678;
			remoteInfo = GPUImageTests_macOS;
		};
		BE82050721A5BB4A00DCAAEA /* PBXContainerItemProxy */ = {
			isa = PBXContainerItemProxy;
			containerPortal = BE8204FC21A5BB4A00DCAAEA /* GPUImage.xcodeproj */;
			proxyType = 2;
			remoteGlobalIDString = BC9E34E91E524A2200B8604F;
			remoteInfo = GPUImage_iOS;
		};
		BE82050921A5BB4A00DCAAEA /* PBXContainerItemProxy */ = {
			isa = PBXContainerItemProxy;
			containerPortal = BE8204FC21A5BB4A00DCAAEA /* GPUImage.xcodeproj */;
			proxyType = 2;
			remoteGlobalIDString = BC9E34F11E524A2200B8604F;
			remoteInfo = GPUImageTests_iOS;
		};
		BE82050B21A5BB5500DCAAEA /* PBXContainerItemProxy */ = {
			isa = PBXContainerItemProxy;
			containerPortal = BE8204FC21A5BB4A00DCAAEA /* GPUImage.xcodeproj */;
			proxyType = 1;
			remoteGlobalIDString = BC9E34E81E524A2200B8604F;
			remoteInfo = GPUImage_iOS;
		};
/* End PBXContainerItemProxy section */

/* Begin PBXCopyFilesBuildPhase section */
		BE82051221A5BB8600DCAAEA /* CopyFiles */ = {
			isa = PBXCopyFilesBuildPhase;
			buildActionMask = 12;
			dstPath = "";
			dstSubfolderSpec = 10;
			files = (
				BE82051321A5BB9400DCAAEA /* GPUImage.framework in CopyFiles */,
			);
			runOnlyForDeploymentPostprocessing = 0;
		};
/* End PBXCopyFilesBuildPhase section */

/* Begin PBXFileReference section */
		01AD06F8F7E67A13E762A7D6 /* Pods-TestCam.release.xcconfig */ = {isa = PBXFileReference; includeInIndex = 1; lastKnownFileType = text.xcconfig; name = "Pods-TestCam.release.xcconfig"; path = "Pods/Target Support Files/Pods-TestCam/Pods-TestCam.release.xcconfig"; sourceTree = "<group>"; };
		9BC811F1052344669F65F681 /* Pods_TestCam.framework */ = {isa = PBXFileReference; explicitFileType = wrapper.framework; includeInIndex = 0; path = Pods_TestCam.framework; sourceTree = BUILT_PRODUCTS_DIR; };
		AEA2AF5C3D536B6EA49D8980 /* Pods-TestCam.debug.xcconfig */ = {isa = PBXFileReference; includeInIndex = 1; lastKnownFileType = text.xcconfig; name = "Pods-TestCam.debug.xcconfig"; path = "Pods/Target Support Files/Pods-TestCam/Pods-TestCam.debug.xcconfig"; sourceTree = "<group>"; };
		BE8204E421A574D200DCAAEA /* TestCam.app */ = {isa = PBXFileReference; explicitFileType = wrapper.application; includeInIndex = 0; path = TestCam.app; sourceTree = BUILT_PRODUCTS_DIR; };
		BE8204E721A574D200DCAAEA /* AppDelegate.swift */ = {isa = PBXFileReference; lastKnownFileType = sourcecode.swift; path = AppDelegate.swift; sourceTree = "<group>"; };
		BE8204E921A574D200DCAAEA /* ViewController.swift */ = {isa = PBXFileReference; lastKnownFileType = sourcecode.swift; path = ViewController.swift; sourceTree = "<group>"; };
		BE8204EC21A574D200DCAAEA /* Base */ = {isa = PBXFileReference; lastKnownFileType = file.storyboard; name = Base; path = Base.lproj/Main.storyboard; sourceTree = "<group>"; };
		BE8204EE21A574D300DCAAEA /* Assets.xcassets */ = {isa = PBXFileReference; lastKnownFileType = folder.assetcatalog; path = Assets.xcassets; sourceTree = "<group>"; };
		BE8204F121A574D300DCAAEA /* Base */ = {isa = PBXFileReference; lastKnownFileType = file.storyboard; name = Base; path = Base.lproj/LaunchScreen.storyboard; sourceTree = "<group>"; };
		BE8204F321A574D300DCAAEA /* Info.plist */ = {isa = PBXFileReference; lastKnownFileType = text.plist.xml; path = Info.plist; sourceTree = "<group>"; };
		BE8204FC21A5BB4A00DCAAEA /* GPUImage.xcodeproj */ = {isa = PBXFileReference; lastKnownFileType = "wrapper.pb-project"; name = GPUImage.xcodeproj; path = GPUImage/GPUImage.xcodeproj; sourceTree = "<group>"; };
/* End PBXFileReference section */

/* Begin PBXFrameworksBuildPhase section */
		BE8204E121A574D200DCAAEA /* Frameworks */ = {
			isa = PBXFrameworksBuildPhase;
			buildActionMask = 2147483647;
			files = (
				BE82051121A5BB8000DCAAEA /* GPUImage.framework in Frameworks */,
				5E35D1A33187A86FEF2D266D /* Pods_TestCam.framework in Frameworks */,
			);
			runOnlyForDeploymentPostprocessing = 0;
		};
/* End PBXFrameworksBuildPhase section */

/* Begin PBXGroup section */
		936E27BBF1856BDE164EF254 /* Pods */ = {
			isa = PBXGroup;
			children = (
				AEA2AF5C3D536B6EA49D8980 /* Pods-TestCam.debug.xcconfig */,
				01AD06F8F7E67A13E762A7D6 /* Pods-TestCam.release.xcconfig */,
			);
			name = Pods;
			sourceTree = "<group>";
		};
		BE8204DB21A574D200DCAAEA = {
			isa = PBXGroup;
			children = (
				BE8204E621A574D200DCAAEA /* TestCam */,
				BE8204E521A574D200DCAAEA /* Products */,
				936E27BBF1856BDE164EF254 /* Pods */,
				EA163A4F64C13852CCBED69C /* Frameworks */,
			);
			sourceTree = "<group>";
		};
		BE8204E521A574D200DCAAEA /* Products */ = {
			isa = PBXGroup;
			children = (
				BE8204E421A574D200DCAAEA /* TestCam.app */,
			);
			name = Products;
			sourceTree = "<group>";
		};
		BE8204E621A574D200DCAAEA /* TestCam */ = {
			isa = PBXGroup;
			children = (
				BE8204E721A574D200DCAAEA /* AppDelegate.swift */,
				BE8204E921A574D200DCAAEA /* ViewController.swift */,
				BE8204EB21A574D200DCAAEA /* Main.storyboard */,
				BE8204EE21A574D300DCAAEA /* Assets.xcassets */,
				BE8204F021A574D300DCAAEA /* LaunchScreen.storyboard */,
				BE8204F321A574D300DCAAEA /* Info.plist */,
			);
			path = TestCam;
			sourceTree = "<group>";
		};
		BE8204FD21A5BB4A00DCAAEA /* Products */ = {
			isa = PBXGroup;
			children = (
				BE82050421A5BB4A00DCAAEA /* GPUImage.framework */,
				BE82050621A5BB4A00DCAAEA /* GPUImageTests_macOS.xctest */,
				BE82050821A5BB4A00DCAAEA /* GPUImage.framework */,
				BE82050A21A5BB4A00DCAAEA /* GPUImageTests_iOS.xctest */,
			);
			name = Products;
			sourceTree = "<group>";
		};
		EA163A4F64C13852CCBED69C /* Frameworks */ = {
			isa = PBXGroup;
			children = (
				BE8204FC21A5BB4A00DCAAEA /* GPUImage.xcodeproj */,
				9BC811F1052344669F65F681 /* Pods_TestCam.framework */,
			);
			name = Frameworks;
			sourceTree = "<group>";
		};
/* End PBXGroup section */

/* Begin PBXNativeTarget section */
		BE8204E321A574D200DCAAEA /* TestCam */ = {
			isa = PBXNativeTarget;
			buildConfigurationList = BE8204F621A574D300DCAAEA /* Build configuration list for PBXNativeTarget "TestCam" */;
			buildPhases = (
				ABDE6C65E80825393A9FCCE3 /* [CP] Check Pods Manifest.lock */,
				BE8204E021A574D200DCAAEA /* Sources */,
				BE8204E121A574D200DCAAEA /* Frameworks */,
				BE8204E221A574D200DCAAEA /* Resources */,
				BE82051221A5BB8600DCAAEA /* CopyFiles */,
			);
			buildRules = (
			);
			dependencies = (
				BE82050C21A5BB5500DCAAEA /* PBXTargetDependency */,
			);
			name = TestCam;
			productName = TestCam;
			productReference = BE8204E421A574D200DCAAEA /* TestCam.app */;
			productType = "com.apple.product-type.application";
		};
/* End PBXNativeTarget section */

/* Begin PBXProject section */
		BE8204DC21A574D200DCAAEA /* Project object */ = {
			isa = PBXProject;
			attributes = {
				LastSwiftUpdateCheck = 1010;
				LastUpgradeCheck = 1010;
				ORGANIZATIONNAME = kenk11;
				TargetAttributes = {
					BE8204E321A574D200DCAAEA = {
						CreatedOnToolsVersion = 10.1;
					};
				};
			};
			buildConfigurationList = BE8204DF21A574D200DCAAEA /* Build configuration list for PBXProject "TestCam" */;
			compatibilityVersion = "Xcode 9.3";
			developmentRegion = en;
			hasScannedForEncodings = 0;
			knownRegions = (
				en,
				Base,
			);
			mainGroup = BE8204DB21A574D200DCAAEA;
			productRefGroup = BE8204E521A574D200DCAAEA /* Products */;
			projectDirPath = "";
			projectReferences = (
				{
					ProductGroup = BE8204FD21A5BB4A00DCAAEA /* Products */;
					ProjectRef = BE8204FC21A5BB4A00DCAAEA /* GPUImage.xcodeproj */;
				},
			);
			projectRoot = "";
			targets = (
				BE8204E321A574D200DCAAEA /* TestCam */,
			);
		};
/* End PBXProject section */

/* Begin PBXReferenceProxy section */
		BE82050421A5BB4A00DCAAEA /* GPUImage.framework */ = {
			isa = PBXReferenceProxy;
			fileType = wrapper.framework;
			path = GPUImage.framework;
			remoteRef = BE82050321A5BB4A00DCAAEA /* PBXContainerItemProxy */;
			sourceTree = BUILT_PRODUCTS_DIR;
		};
		BE82050621A5BB4A00DCAAEA /* GPUImageTests_macOS.xctest */ = {
			isa = PBXReferenceProxy;
			fileType = wrapper.cfbundle;
			path = GPUImageTests_macOS.xctest;
			remoteRef = BE82050521A5BB4A00DCAAEA /* PBXContainerItemProxy */;
			sourceTree = BUILT_PRODUCTS_DIR;
		};
		BE82050821A5BB4A00DCAAEA /* GPUImage.framework */ = {
			isa = PBXReferenceProxy;
			fileType = wrapper.framework;
			path = GPUImage.framework;
			remoteRef = BE82050721A5BB4A00DCAAEA /* PBXContainerItemProxy */;
			sourceTree = BUILT_PRODUCTS_DIR;
		};
		BE82050A21A5BB4A00DCAAEA /* GPUImageTests_iOS.xctest */ = {
			isa = PBXReferenceProxy;
			fileType = wrapper.cfbundle;
			path = GPUImageTests_iOS.xctest;
			remoteRef = BE82050921A5BB4A00DCAAEA /* PBXContainerItemProxy */;
			sourceTree = BUILT_PRODUCTS_DIR;
		};
/* End PBXReferenceProxy section */

/* Begin PBXResourcesBuildPhase section */
		BE8204E221A574D200DCAAEA /* Resources */ = {
			isa = PBXResourcesBuildPhase;
			buildActionMask = 2147483647;
			files = (
				BE8204F221A574D300DCAAEA /* LaunchScreen.storyboard in Resources */,
				BE8204EF21A574D300DCAAEA /* Assets.xcassets in Resources */,
				BE8204ED21A574D200DCAAEA /* Main.storyboard in Resources */,
			);
			runOnlyForDeploymentPostprocessing = 0;
		};
/* End PBXResourcesBuildPhase section */

/* Begin PBXShellScriptBuildPhase section */
		ABDE6C65E80825393A9FCCE3 /* [CP] Check Pods Manifest.lock */ = {
			isa = PBXShellScriptBuildPhase;
			buildActionMask = 2147483647;
			files = (
			);
			inputFileListPaths = (
			);
			inputPaths = (
				"${PODS_PODFILE_DIR_PATH}/Podfile.lock",
				"${PODS_ROOT}/Manifest.lock",
			);
			name = "[CP] Check Pods Manifest.lock";
			outputFileListPaths = (
			);
			outputPaths = (
				"$(DERIVED_FILE_DIR)/Pods-TestCam-checkManifestLockResult.txt",
			);
			runOnlyForDeploymentPostprocessing = 0;
			shellPath = /bin/sh;
			shellScript = "diff \"${PODS_PODFILE_DIR_PATH}/Podfile.lock\" \"${PODS_ROOT}/Manifest.lock\" > /dev/null\nif [ $? != 0 ] ; then\n    # print error to STDERR\n    echo \"error: The sandbox is not in sync with the Podfile.lock. Run 'pod install' or update your CocoaPods installation.\" >&2\n    exit 1\nfi\n# This output is used by Xcode 'outputs' to avoid re-running this script phase.\necho \"SUCCESS\" > \"${SCRIPT_OUTPUT_FILE_0}\"\n";
			showEnvVarsInLog = 0;
		};
/* End PBXShellScriptBuildPhase section */

/* Begin PBXSourcesBuildPhase section */
		BE8204E021A574D200DCAAEA /* Sources */ = {
			isa = PBXSourcesBuildPhase;
			buildActionMask = 2147483647;
			files = (
				BE8204EA21A574D200DCAAEA /* ViewController.swift in Sources */,
				BE8204E821A574D200DCAAEA /* AppDelegate.swift in Sources */,
			);
			runOnlyForDeploymentPostprocessing = 0;
		};
/* End PBXSourcesBuildPhase section */

/* Begin PBXTargetDependency section */
		BE82050C21A5BB5500DCAAEA /* PBXTargetDependency */ = {
			isa = PBXTargetDependency;
			name = GPUImage_iOS;
			targetProxy = BE82050B21A5BB5500DCAAEA /* PBXContainerItemProxy */;
		};
/* End PBXTargetDependency section */

/* Begin PBXVariantGroup section */
		BE8204EB21A574D200DCAAEA /* Main.storyboard */ = {
			isa = PBXVariantGroup;
			children = (
				BE8204EC21A574D200DCAAEA /* Base */,
			);
			name = Main.storyboard;
			sourceTree = "<group>";
		};
		BE8204F021A574D300DCAAEA /* LaunchScreen.storyboard */ = {
			isa = PBXVariantGroup;
			children = (
				BE8204F121A574D300DCAAEA /* Base */,
			);
			name = LaunchScreen.storyboard;
			sourceTree = "<group>";
		};
/* End PBXVariantGroup section */

/* Begin XCBuildConfiguration section */
		BE8204F421A574D300DCAAEA /* Debug */ = {
			isa = XCBuildConfiguration;
			buildSettings = {
				ALWAYS_SEARCH_USER_PATHS = NO;
				CLANG_ANALYZER_NONNULL = YES;
				CLANG_ANALYZER_NUMBER_OBJECT_CONVERSION = YES_AGGRESSIVE;
				CLANG_CXX_LANGUAGE_STANDARD = "gnu++14";
				CLANG_CXX_LIBRARY = "libc++";
				CLANG_ENABLE_MODULES = YES;
				CLANG_ENABLE_OBJC_ARC = YES;
				CLANG_ENABLE_OBJC_WEAK = YES;
				CLANG_WARN_BLOCK_CAPTURE_AUTORELEASING = YES;
				CLANG_WARN_BOOL_CONVERSION = YES;
				CLANG_WARN_COMMA = YES;
				CLANG_WARN_CONSTANT_CONVERSION = YES;
				CLANG_WARN_DEPRECATED_OBJC_IMPLEMENTATIONS = YES;
				CLANG_WARN_DIRECT_OBJC_ISA_USAGE = YES_ERROR;
				CLANG_WARN_DOCUMENTATION_COMMENTS = YES;
				CLANG_WARN_EMPTY_BODY = YES;
				CLANG_WARN_ENUM_CONVERSION = YES;
				CLANG_WARN_INFINITE_RECURSION = YES;
				CLANG_WARN_INT_CONVERSION = YES;
				CLANG_WARN_NON_LITERAL_NULL_CONVERSION = YES;
				CLANG_WARN_OBJC_IMPLICIT_RETAIN_SELF = YES;
				CLANG_WARN_OBJC_LITERAL_CONVERSION = YES;
				CLANG_WARN_OBJC_ROOT_CLASS = YES_ERROR;
				CLANG_WARN_RANGE_LOOP_ANALYSIS = YES;
				CLANG_WARN_STRICT_PROTOTYPES = YES;
				CLANG_WARN_SUSPICIOUS_MOVE = YES;
				CLANG_WARN_UNGUARDED_AVAILABILITY = YES_AGGRESSIVE;
				CLANG_WARN_UNREACHABLE_CODE = YES;
				CLANG_WARN__DUPLICATE_METHOD_MATCH = YES;
				CODE_SIGN_IDENTITY = "iPhone Developer";
				COPY_PHASE_STRIP = NO;
				DEBUG_INFORMATION_FORMAT = dwarf;
				ENABLE_STRICT_OBJC_MSGSEND = YES;
				ENABLE_TESTABILITY = YES;
				GCC_C_LANGUAGE_STANDARD = gnu11;
				GCC_DYNAMIC_NO_PIC = NO;
				GCC_NO_COMMON_BLOCKS = YES;
				GCC_OPTIMIZATION_LEVEL = 0;
				GCC_PREPROCESSOR_DEFINITIONS = (
					"DEBUG=1",
					"$(inherited)",
				);
				GCC_WARN_64_TO_32_BIT_CONVERSION = YES;
				GCC_WARN_ABOUT_RETURN_TYPE = YES_ERROR;
				GCC_WARN_UNDECLARED_SELECTOR = YES;
				GCC_WARN_UNINITIALIZED_AUTOS = YES_AGGRESSIVE;
				GCC_WARN_UNUSED_FUNCTION = YES;
				GCC_WARN_UNUSED_VARIABLE = YES;
				IPHONEOS_DEPLOYMENT_TARGET = 12.1;
				MTL_ENABLE_DEBUG_INFO = INCLUDE_SOURCE;
				MTL_FAST_MATH = YES;
				ONLY_ACTIVE_ARCH = YES;
				SDKROOT = iphoneos;
				SWIFT_ACTIVE_COMPILATION_CONDITIONS = DEBUG;
				SWIFT_OPTIMIZATION_LEVEL = "-Onone";
			};
			name = Debug;
		};
		BE8204F521A574D300DCAAEA /* Release */ = {
			isa = XCBuildConfiguration;
			buildSettings = {
				ALWAYS_SEARCH_USER_PATHS = NO;
				CLANG_ANALYZER_NONNULL = YES;
				CLANG_ANALYZER_NUMBER_OBJECT_CONVERSION = YES_AGGRESSIVE;
				CLANG_CXX_LANGUAGE_STANDARD = "gnu++14";
				CLANG_CXX_LIBRARY = "libc++";
				CLANG_ENABLE_MODULES = YES;
				CLANG_ENABLE_OBJC_ARC = YES;
				CLANG_ENABLE_OBJC_WEAK = YES;
				CLANG_WARN_BLOCK_CAPTURE_AUTORELEASING = YES;
				CLANG_WARN_BOOL_CONVERSION = YES;
				CLANG_WARN_COMMA = YES;
				CLANG_WARN_CONSTANT_CONVERSION = YES;
				CLANG_WARN_DEPRECATED_OBJC_IMPLEMENTATIONS = YES;
				CLANG_WARN_DIRECT_OBJC_ISA_USAGE = YES_ERROR;
				CLANG_WARN_DOCUMENTATION_COMMENTS = YES;
				CLANG_WARN_EMPTY_BODY = YES;
				CLANG_WARN_ENUM_CONVERSION = YES;
				CLANG_WARN_INFINITE_RECURSION = YES;
				CLANG_WARN_INT_CONVERSION = YES;
				CLANG_WARN_NON_LITERAL_NULL_CONVERSION = YES;
				CLANG_WARN_OBJC_IMPLICIT_RETAIN_SELF = YES;
				CLANG_WARN_OBJC_LITERAL_CONVERSION = YES;
				CLANG_WARN_OBJC_ROOT_CLASS = YES_ERROR;
				CLANG_WARN_RANGE_LOOP_ANALYSIS = YES;
				CLANG_WARN_STRICT_PROTOTYPES = YES;
				CLANG_WARN_SUSPICIOUS_MOVE = YES;
				CLANG_WARN_UNGUARDED_AVAILABILITY = YES_AGGRESSIVE;
				CLANG_WARN_UNREACHABLE_CODE = YES;
				CLANG_WARN__DUPLICATE_METHOD_MATCH = YES;
				CODE_SIGN_IDENTITY = "iPhone Developer";
				COPY_PHASE_STRIP = NO;
				DEBUG_INFORMATION_FORMAT = "dwarf-with-dsym";
				ENABLE_NS_ASSERTIONS = NO;
				ENABLE_STRICT_OBJC_MSGSEND = YES;
				GCC_C_LANGUAGE_STANDARD = gnu11;
				GCC_NO_COMMON_BLOCKS = YES;
				GCC_WARN_64_TO_32_BIT_CONVERSION = YES;
				GCC_WARN_ABOUT_RETURN_TYPE = YES_ERROR;
				GCC_WARN_UNDECLARED_SELECTOR = YES;
				GCC_WARN_UNINITIALIZED_AUTOS = YES_AGGRESSIVE;
				GCC_WARN_UNUSED_FUNCTION = YES;
				GCC_WARN_UNUSED_VARIABLE = YES;
				IPHONEOS_DEPLOYMENT_TARGET = 12.1;
				MTL_ENABLE_DEBUG_INFO = NO;
				MTL_FAST_MATH = YES;
				SDKROOT = iphoneos;
				SWIFT_COMPILATION_MODE = wholemodule;
				SWIFT_OPTIMIZATION_LEVEL = "-O";
				VALIDATE_PRODUCT = YES;
			};
			name = Release;
		};
		BE8204F721A574D300DCAAEA /* Debug */ = {
			isa = XCBuildConfiguration;
			baseConfigurationReference = AEA2AF5C3D536B6EA49D8980 /* Pods-TestCam.debug.xcconfig */;
			buildSettings = {
				ASSETCATALOG_COMPILER_APPICON_NAME = AppIcon;
				CODE_SIGN_STYLE = Manual;
				DEVELOPMENT_TEAM = S8BR95MADB;
				INFOPLIST_FILE = TestCam/Info.plist;
				IPHONEOS_DEPLOYMENT_TARGET = 11;
				LD_RUNPATH_SEARCH_PATHS = (
					"$(inherited)",
					"@executable_path/Frameworks",
				);
				PRODUCT_BUNDLE_IDENTIFIER = com.3forcom.KamSelfie;
				PRODUCT_NAME = "$(TARGET_NAME)";
				PROVISIONING_PROFILE_SPECIFIER = "KamSelfie Development";
				SWIFT_VERSION = 4.2;
				TARGETED_DEVICE_FAMILY = "1,2";
			};
			name = Debug;
		};
		BE8204F821A574D300DCAAEA /* Release */ = {
			isa = XCBuildConfiguration;
			baseConfigurationReference = 01AD06F8F7E67A13E762A7D6 /* Pods-TestCam.release.xcconfig */;
			buildSettings = {
				ASSETCATALOG_COMPILER_APPICON_NAME = AppIcon;
				CODE_SIGN_IDENTITY = "iPhone Distribution";
				CODE_SIGN_STYLE = Manual;
				DEVELOPMENT_TEAM = S8BR95MADB;
				INFOPLIST_FILE = TestCam/Info.plist;
				IPHONEOS_DEPLOYMENT_TARGET = 11;
				LD_RUNPATH_SEARCH_PATHS = (
					"$(inherited)",
					"@executable_path/Frameworks",
				);
				PRODUCT_BUNDLE_IDENTIFIER = com.3forcom.KamSelfie;
				PRODUCT_NAME = "$(TARGET_NAME)";
				PROVISIONING_PROFILE_SPECIFIER = "KamSelfie Distribution";
				SWIFT_VERSION = 4.2;
				TARGETED_DEVICE_FAMILY = "1,2";
			};
			name = Release;
		};
/* End XCBuildConfiguration section */

/* Begin XCConfigurationList section */
		BE8204DF21A574D200DCAAEA /* Build configuration list for PBXProject "TestCam" */ = {
			isa = XCConfigurationList;
			buildConfigurations = (
				BE8204F421A574D300DCAAEA /* Debug */,
				BE8204F521A574D300DCAAEA /* Release */,
			);
			defaultConfigurationIsVisible = 0;
			defaultConfigurationName = Release;
		};
		BE8204F621A574D300DCAAEA /* Build configuration list for PBXNativeTarget "TestCam" */ = {
			isa = XCConfigurationList;
			buildConfigurations = (
				BE8204F721A574D300DCAAEA /* Debug */,
				BE8204F821A574D300DCAAEA /* Release */,
			);
			defaultConfigurationIsVisible = 0;
			defaultConfigurationName = Release;
		};
/* End XCConfigurationList section */
	};
	rootObject = BE8204DC21A574D200DCAAEA /* Project object */;
}
